{
  "name": "taxhacker",
  "version": "0.5.5",
  "lockfileVersion": 3,
  "requires": true,
  "packages": {
    "": {
      "name": "taxhacker",
      "version": "0.5.5",
      "dependencies": {
        "next": "^15.5.9"
      }
    },
    "node_modules/next": {
      "version": "15.5.9",
      "resolved": "https://registry.npmjs.org/next/-/next-15.5.9.tgz",
      "engines": {
        "node": ">=18.18.0"
      }
    }
  }
}
